// !$*UTF8*$!
{
	archiveVersion = 1;
	classes = {
	};
	objectVersion = 46;
	objects = {

/* Begin PBXBuildFile section */
		CE2824E51DDCFE7E000744A2 /* main.m in Sources */ = {isa = PBXBuildFile; fileRef = CE2824E41DDCFE7E000744A2 /* main.m */; };
		CE2824E81DDCFE7E000744A2 /* AppDelegate.m in Sources */ = {isa = PBXBuildFile; fileRef = CE2824E71DDCFE7E000744A2 /* AppDelegate.m */; };
		CE2824EB1DDCFE7E000744A2 /* ViewController.m in Sources */ = {isa = PBXBuildFile; fileRef = CE2824EA1DDCFE7E000744A2 /* ViewController.m */; };
		CE2824EE1DDCFE7E000744A2 /* Main.storyboard in Resources */ = {isa = PBXBuildFile; fileRef = CE2824EC1DDCFE7E000744A2 /* Main.storyboard */; };
		CE2824F01DDCFE7E000744A2 /* Assets.xcassets in Resources */ = {isa = PBXBuildFile; fileRef = CE2824EF1DDCFE7E000744A2 /* Assets.xcassets */; };
		CE2824F31DDCFE7E000744A2 /* LaunchScreen.storyboard in Resources */ = {isa = PBXBuildFile; fileRef = CE2824F11DDCFE7E000744A2 /* LaunchScreen.storyboard */; };
		CE2824FE1DDCFE7E000744A2 /* iOS_Programming_16_Nov___App_ActivityTests.m in Sources */ = {isa = PBXBuildFile; fileRef = CE2824FD1DDCFE7E000744A2 /* iOS_Programming_16_Nov___App_ActivityTests.m */; };
		CE2825091DDCFE7E000744A2 /* iOS_Programming_16_Nov___App_ActivityUITests.m in Sources */ = {isa = PBXBuildFile; fileRef = CE2825081DDCFE7E000744A2 /* iOS_Programming_16_Nov___App_ActivityUITests.m */; };
		CE2825181DDCFE9D000744A2 /* BoxView.m in Sources */ = {isa = PBXBuildFile; fileRef = CE2825171DDCFE9D000744A2 /* BoxView.m */; };
		CE28251A1DDD153F000744A2 /* README.md in Sources */ = {isa = PBXBuildFile; fileRef = CE2825191DDD153F000744A2 /* README.md */; };
/* End PBXBuildFile section */

/* Begin PBXContainerItemProxy section */
		CE2824FA1DDCFE7E000744A2 /* PBXContainerItemProxy */ = {
			isa = PBXContainerItemProxy;
			containerPortal = CE2824D81DDCFE7E000744A2 /* Project object */;
			proxyType = 1;
			remoteGlobalIDString = CE2824DF1DDCFE7E000744A2;
			remoteInfo = "iOS Programming 16 Nov - App Activity";
		};
		CE2825051DDCFE7E000744A2 /* PBXContainerItemProxy */ = {
			isa = PBXContainerItemProxy;
			containerPortal = CE2824D81DDCFE7E000744A2 /* Project object */;
			proxyType = 1;
			remoteGlobalIDString = CE2824DF1DDCFE7E000744A2;
			remoteInfo = "iOS Programming 16 Nov - App Activity";
		};
/* End PBXContainerItemProxy section */

/* Begin PBXFileReference section */
		CE2824E01DDCFE7E000744A2 /* iOS Programming 16 Nov - App Activity.app */ = {isa = PBXFileReference; explicitFileType = wrapper.application; includeInIndex = 0; path = "iOS Programming 16 Nov - App Activity.app"; sourceTree = BUILT_PRODUCTS_DIR; };
		CE2824E41DDCFE7E000744A2 /* main.m */ = {isa = PBXFileReference; lastKnownFileType = sourcecode.c.objc; path = main.m; sourceTree = "<group>"; };
		CE2824E61DDCFE7E000744A2 /* AppDelegate.h */ = {isa = PBXFileReference; lastKnownFileType = sourcecode.c.h; path = AppDelegate.h; sourceTree = "<group>"; };
		CE2824E71DDCFE7E000744A2 /* AppDelegate.m */ = {isa = PBXFileReference; lastKnownFileType = sourcecode.c.objc; path = AppDelegate.m; sourceTree = "<group>"; };
		CE2824E91DDCFE7E000744A2 /* ViewController.h */ = {isa = PBXFileReference; lastKnownFileType = sourcecode.c.h; path = ViewController.h; sourceTree = "<group>"; };
		CE2824EA1DDCFE7E000744A2 /* ViewController.m */ = {isa = PBXFileReference; lastKnownFileType = sourcecode.c.objc; path = ViewController.m; sourceTree = "<group>"; };
		CE2824ED1DDCFE7E000744A2 /* Base */ = {isa = PBXFileReference; lastKnownFileType = file.storyboard; name = Base; path = Base.lproj/Main.storyboard; sourceTree = "<group>"; };
		CE2824EF1DDCFE7E000744A2 /* Assets.xcassets */ = {isa = PBXFileReference; lastKnownFileType = folder.assetcatalog; path = Assets.xcassets; sourceTree = "<group>"; };
		CE2824F21DDCFE7E000744A2 /* Base */ = {isa = PBXFileReference; lastKnownFileType = file.storyboard; name = Base; path = Base.lproj/LaunchScreen.storyboard; sourceTree = "<group>"; };
		CE2824F41DDCFE7E000744A2 /* Info.plist */ = {isa = PBXFileReference; lastKnownFileType = text.plist.xml; path = Info.plist; sourceTree = "<group>"; };
		CE2824F91DDCFE7E000744A2 /* iOS Programming 16 Nov - App ActivityTests.xctest */ = {isa = PBXFileReference; explicitFileType = wrapper.cfbundle; includeInIndex = 0; path = "iOS Programming 16 Nov - App ActivityTests.xctest"; sourceTree = BUILT_PRODUCTS_DIR; };
		CE2824FD1DDCFE7E000744A2 /* iOS_Programming_16_Nov___App_ActivityTests.m */ = {isa = PBXFileReference; lastKnownFileType = sourcecode.c.objc; path = "iOS_Programming_16_Nov___App_ActivityTests.m"; sourceTree = "<group>"; };
		CE2824FF1DDCFE7E000744A2 /* Info.plist */ = {isa = PBXFileReference; lastKnownFileType = text.plist.xml; path = Info.plist; sourceTree = "<group>"; };
		CE2825041DDCFE7E000744A2 /* iOS Programming 16 Nov - App ActivityUITests.xctest */ = {isa = PBXFileReference; explicitFileType = wrapper.cfbundle; includeInIndex = 0; path = "iOS Programming 16 Nov - App ActivityUITests.xctest"; sourceTree = BUILT_PRODUCTS_DIR; };
		CE2825081DDCFE7E000744A2 /* iOS_Programming_16_Nov___App_ActivityUITests.m */ = {isa = PBXFileReference; lastKnownFileType = sourcecode.c.objc; path = "iOS_Programming_16_Nov___App_ActivityUITests.m"; sourceTree = "<group>"; };
		CE28250A1DDCFE7E000744A2 /* Info.plist */ = {isa = PBXFileReference; lastKnownFileType = text.plist.xml; path = Info.plist; sourceTree = "<group>"; };
		CE2825161DDCFE9D000744A2 /* BoxView.h */ = {isa = PBXFileReference; fileEncoding = 4; lastKnownFileType = sourcecode.c.h; path = BoxView.h; sourceTree = "<group>"; };
		CE2825171DDCFE9D000744A2 /* BoxView.m */ = {isa = PBXFileReference; fileEncoding = 4; lastKnownFileType = sourcecode.c.objc; path = BoxView.m; sourceTree = "<group>"; };
		CE2825191DDD153F000744A2 /* README.md */ = {isa = PBXFileReference; fileEncoding = 4; lastKnownFileType = net.daringfireball.markdown; path = README.md; sourceTree = "<group>"; };
/* End PBXFileReference section */

/* Begin PBXFrameworksBuildPhase section */
		CE2824DD1DDCFE7E000744A2 /* Frameworks */ = {
			isa = PBXFrameworksBuildPhase;
			buildActionMask = 2147483647;
			files = (
			);
			runOnlyForDeploymentPostprocessing = 0;
		};
		CE2824F61DDCFE7E000744A2 /* Frameworks */ = {
			isa = PBXFrameworksBuildPhase;
			buildActionMask = 2147483647;
			files = (
			);
			runOnlyForDeploymentPostprocessing = 0;
		};
		CE2825011DDCFE7E000744A2 /* Frameworks */ = {
			isa = PBXFrameworksBuildPhase;
			buildActionMask = 2147483647;
			files = (
			);
			runOnlyForDeploymentPostprocessing = 0;
		};
/* End PBXFrameworksBuildPhase section */

/* Begin PBXGroup section */
		CE2824D71DDCFE7E000744A2 = {
			isa = PBXGroup;
			children = (
				CE2824E21DDCFE7E000744A2 /* iOS Programming 16 Nov - App Activity */,
				CE2824FC1DDCFE7E000744A2 /* iOS Programming 16 Nov - App ActivityTests */,
				CE2825071DDCFE7E000744A2 /* iOS Programming 16 Nov - App ActivityUITests */,
				CE2824E11DDCFE7E000744A2 /* Products */,
			);
			sourceTree = "<group>";
		};
		CE2824E11DDCFE7E000744A2 /* Products */ = {
			isa = PBXGroup;
			children = (
				CE2824E01DDCFE7E000744A2 /* iOS Programming 16 Nov - App Activity.app */,
				CE2824F91DDCFE7E000744A2 /* iOS Programming 16 Nov - App ActivityTests.xctest */,
				CE2825041DDCFE7E000744A2 /* iOS Programming 16 Nov - App ActivityUITests.xctest */,
			);
			name = Products;
			sourceTree = "<group>";
		};
		CE2824E21DDCFE7E000744A2 /* iOS Programming 16 Nov - App Activity */ = {
			isa = PBXGroup;
			children = (
				CE2824E61DDCFE7E000744A2 /* AppDelegate.h */,
				CE2824E71DDCFE7E000744A2 /* AppDelegate.m */,
				CE2824E91DDCFE7E000744A2 /* ViewController.h */,
				CE2824EA1DDCFE7E000744A2 /* ViewController.m */,
				CE2825161DDCFE9D000744A2 /* BoxView.h */,
				CE2825171DDCFE9D000744A2 /* BoxView.m */,
				CE2825191DDD153F000744A2 /* README.md */,
				CE2824EC1DDCFE7E000744A2 /* Main.storyboard */,
				CE2824EF1DDCFE7E000744A2 /* Assets.xcassets */,
				CE2824F11DDCFE7E000744A2 /* LaunchScreen.storyboard */,
				CE2824F41DDCFE7E000744A2 /* Info.plist */,
				CE2824E31DDCFE7E000744A2 /* Supporting Files */,
			);
			path = "iOS Programming 16 Nov - App Activity";
			sourceTree = "<group>";
		};
		CE2824E31DDCFE7E000744A2 /* Supporting Files */ = {
			isa = PBXGroup;
			children = (
				CE2824E41DDCFE7E000744A2 /* main.m */,
			);
			name = "Supporting Files";
			sourceTree = "<group>";
		};
		CE2824FC1DDCFE7E000744A2 /* iOS Programming 16 Nov - App ActivityTests */ = {
			isa = PBXGroup;
			children = (
				CE2824FD1DDCFE7E000744A2 /* iOS_Programming_16_Nov___App_ActivityTests.m */,
				CE2824FF1DDCFE7E000744A2 /* Info.plist */,
			);
			path = "iOS Programming 16 Nov - App ActivityTests";
			sourceTree = "<group>";
		};
		CE2825071DDCFE7E000744A2 /* iOS Programming 16 Nov - App ActivityUITests */ = {
			isa = PBXGroup;
			children = (
				CE2825081DDCFE7E000744A2 /* iOS_Programming_16_Nov___App_ActivityUITests.m */,
				CE28250A1DDCFE7E000744A2 /* Info.plist */,
			);
			path = "iOS Programming 16 Nov - App ActivityUITests";
			sourceTree = "<group>";
		};
/* End PBXGroup section */

/* Begin PBXNativeTarget section */
		CE2824DF1DDCFE7E000744A2 /* iOS Programming 16 Nov - App Activity */ = {
			isa = PBXNativeTarget;
			buildConfigurationList = CE28250D1DDCFE7E000744A2 /* Build configuration list for PBXNativeTarget "iOS Programming 16 Nov - App Activity" */;
			buildPhases = (
				CE2824DC1DDCFE7E000744A2 /* Sources */,
				CE2824DD1DDCFE7E000744A2 /* Frameworks */,
				CE2824DE1DDCFE7E000744A2 /* Resources */,
			);
			buildRules = (
			);
			dependencies = (
			);
			name = "iOS Programming 16 Nov - App Activity";
			productName = "iOS Programming 16 Nov - App Activity";
			productReference = CE2824E01DDCFE7E000744A2 /* iOS Programming 16 Nov - App Activity.app */;
			productType = "com.apple.product-type.application";
		};
		CE2824F81DDCFE7E000744A2 /* iOS Programming 16 Nov - App ActivityTests */ = {
			isa = PBXNativeTarget;
			buildConfigurationList = CE2825101DDCFE7E000744A2 /* Build configuration list for PBXNativeTarget "iOS Programming 16 Nov - App ActivityTests" */;
			buildPhases = (
				CE2824F51DDCFE7E000744A2 /* Sources */,
				CE2824F61DDCFE7E000744A2 /* Frameworks */,
				CE2824F71DDCFE7E000744A2 /* Resources */,
			);
			buildRules = (
			);
			dependencies = (
				CE2824FB1DDCFE7E000744A2 /* PBXTargetDependency */,
			);
			name = "iOS Programming 16 Nov - App ActivityTests";
			productName = "iOS Programming 16 Nov - App ActivityTests";
			productReference = CE2824F91DDCFE7E000744A2 /* iOS Programming 16 Nov - App ActivityTests.xctest */;
			productType = "com.apple.product-type.bundle.unit-test";
		};
		CE2825031DDCFE7E000744A2 /* iOS Programming 16 Nov - App ActivityUITests */ = {
			isa = PBXNativeTarget;
			buildConfigurationList = CE2825131DDCFE7E000744A2 /* Build configuration list for PBXNativeTarget "iOS Programming 16 Nov - App ActivityUITests" */;
			buildPhases = (
				CE2825001DDCFE7E000744A2 /* Sources */,
				CE2825011DDCFE7E000744A2 /* Frameworks */,
				CE2825021DDCFE7E000744A2 /* Resources */,
			);
			buildRules = (
			);
			dependencies = (
				CE2825061DDCFE7E000744A2 /* PBXTargetDependency */,
			);
			name = "iOS Programming 16 Nov - App ActivityUITests";
			productName = "iOS Programming 16 Nov - App ActivityUITests";
			productReference = CE2825041DDCFE7E000744A2 /* iOS Programming 16 Nov - App ActivityUITests.xctest */;
			productType = "com.apple.product-type.bundle.ui-testing";
		};
/* End PBXNativeTarget section */

/* Begin PBXProject section */
		CE2824D81DDCFE7E000744A2 /* Project object */ = {
			isa = PBXProject;
			attributes = {
				LastUpgradeCheck = 0800;
				ORGANIZATIONNAME = NYU;
				TargetAttributes = {
					CE2824DF1DDCFE7E000744A2 = {
						CreatedOnToolsVersion = 8.0;
						DevelopmentTeam = YKK97PE39U;
						ProvisioningStyle = Automatic;
					};
					CE2824F81DDCFE7E000744A2 = {
						CreatedOnToolsVersion = 8.0;
						DevelopmentTeam = YKK97PE39U;
						ProvisioningStyle = Automatic;
						TestTargetID = CE2824DF1DDCFE7E000744A2;
					};
					CE2825031DDCFE7E000744A2 = {
						CreatedOnToolsVersion = 8.0;
						DevelopmentTeam = YKK97PE39U;
						ProvisioningStyle = Automatic;
						TestTargetID = CE2824DF1DDCFE7E000744A2;
					};
				};
			};
			buildConfigurationList = CE2824DB1DDCFE7E000744A2 /* Build configuration list for PBXProject "iOS Programming 16 Nov - App Activity" */;
			compatibilityVersion = "Xcode 3.2";
			developmentRegion = English;
			hasScannedForEncodings = 0;
			knownRegions = (
				en,
				Base,
			);
			mainGroup = CE2824D71DDCFE7E000744A2;
			productRefGroup = CE2824E11DDCFE7E000744A2 /* Products */;
			projectDirPath = "";
			projectRoot = "";
			targets = (
				CE2824DF1DDCFE7E000744A2 /* iOS Programming 16 Nov - App Activity */,
				CE2824F81DDCFE7E000744A2 /* iOS Programming 16 Nov - App ActivityTests */,
				CE2825031DDCFE7E000744A2 /* iOS Programming 16 Nov - App ActivityUITests */,
			);
		};
/* End PBXProject section */

/* Begin PBXResourcesBuildPhase section */
		CE2824DE1DDCFE7E000744A2 /* Resources */ = {
			isa = PBXResourcesBuildPhase;
			buildActionMask = 2147483647;
			files = (
				CE2824F31DDCFE7E000744A2 /* LaunchScreen.storyboard in Resources */,
				CE2824F01DDCFE7E000744A2 /* Assets.xcassets in Resources */,
				CE2824EE1DDCFE7E000744A2 /* Main.storyboard in Resources */,
			);
			runOnlyForDeploymentPostprocessing = 0;
		};
		CE2824F71DDCFE7E000744A2 /* Resources */ = {
			isa = PBXResourcesBuildPhase;
			buildActionMask = 2147483647;
			files = (
			);
			runOnlyForDeploymentPostprocessing = 0;
		};
		CE2825021DDCFE7E000744A2 /* Resources */ = {
			isa = PBXResourcesBuildPhase;
			buildActionMask = 2147483647;
			files = (
			);
			runOnlyForDeploymentPostprocessing = 0;
		};
/* End PBXResourcesBuildPhase section */

/* Begin PBXSourcesBuildPhase section */
		CE2824DC1DDCFE7E000744A2 /* Sources */ = {
			isa = PBXSourcesBuildPhase;
			buildActionMask = 2147483647;
			files = (
				CE2825181DDCFE9D000744A2 /* BoxView.m in Sources */,
				CE2824EB1DDCFE7E000744A2 /* ViewController.m in Sources */,
				CE28251A1DDD153F000744A2 /* README.md in Sources */,
				CE2824E81DDCFE7E000744A2 /* AppDelegate.m in Sources */,
				CE2824E51DDCFE7E000744A2 /* main.m in Sources */,
			);
			runOnlyForDeploymentPostprocessing = 0;
		};
		CE2824F51DDCFE7E000744A2 /* Sources */ = {
			isa = PBXSourcesBuildPhase;
			buildActionMask = 2147483647;
			files = (
				CE2824FE1DDCFE7E000744A2 /* iOS_Programming_16_Nov___App_ActivityTests.m in Sources */,
			);
			runOnlyForDeploymentPostprocessing = 0;
		};
		CE2825001DDCFE7E000744A2 /* Sources */ = {
			isa = PBXSourcesBuildPhase;
			buildActionMask = 2147483647;
			files = (
				CE2825091DDCFE7E000744A2 /* iOS_Programming_16_Nov___App_ActivityUITests.m in Sources */,
			);
			runOnlyForDeploymentPostprocessing = 0;
		};
/* End PBXSourcesBuildPhase section */

/* Begin PBXTargetDependency section */
		CE2824FB1DDCFE7E000744A2 /* PBXTargetDependency */ = {
			isa = PBXTargetDependency;
			target = CE2824DF1DDCFE7E000744A2 /* iOS Programming 16 Nov - App Activity */;
			targetProxy = CE2824FA1DDCFE7E000744A2 /* PBXContainerItemProxy */;
		};
		CE2825061DDCFE7E000744A2 /* PBXTargetDependency */ = {
			isa = PBXTargetDependency;
			target = CE2824DF1DDCFE7E000744A2 /* iOS Programming 16 Nov - App Activity */;
			targetProxy = CE2825051DDCFE7E000744A2 /* PBXContainerItemProxy */;
		};
/* End PBXTargetDependency section */

/* Begin PBXVariantGroup section */
		CE2824EC1DDCFE7E000744A2 /* Main.storyboard */ = {
			isa = PBXVariantGroup;
			children = (
				CE2824ED1DDCFE7E000744A2 /* Base */,
			);
			name = Main.storyboard;
			sourceTree = "<group>";
		};
		CE2824F11DDCFE7E000744A2 /* LaunchScreen.storyboard */ = {
			isa = PBXVariantGroup;
			children = (
				CE2824F21DDCFE7E000744A2 /* Base */,
			);
			name = LaunchScreen.storyboard;
			sourceTree = "<group>";
		};
/* End PBXVariantGroup section */

/* Begin XCBuildConfiguration section */
		CE28250B1DDCFE7E000744A2 /* Debug */ = {
			isa = XCBuildConfiguration;
			buildSettings = {
				ALWAYS_SEARCH_USER_PATHS = NO;
				CLANG_ANALYZER_NONNULL = YES;
				CLANG_CXX_LANGUAGE_STANDARD = "gnu++0x";
				CLANG_CXX_LIBRARY = "libc++";
				CLANG_ENABLE_MODULES = YES;
				CLANG_ENABLE_OBJC_ARC = YES;
				CLANG_WARN_BOOL_CONVERSION = YES;
				CLANG_WARN_CONSTANT_CONVERSION = YES;
				CLANG_WARN_DIRECT_OBJC_ISA_USAGE = YES_ERROR;
				CLANG_WARN_DOCUMENTATION_COMMENTS = YES;
				CLANG_WARN_EMPTY_BODY = YES;
				CLANG_WARN_ENUM_CONVERSION = YES;
				CLANG_WARN_INFINITE_RECURSION = YES;
				CLANG_WARN_INT_CONVERSION = YES;
				CLANG_WARN_OBJC_ROOT_CLASS = YES_ERROR;
				CLANG_WARN_SUSPICIOUS_MOVES = YES;
				CLANG_WARN_UNREACHABLE_CODE = YES;
				CLANG_WARN__DUPLICATE_METHOD_MATCH = YES;
				"CODE_SIGN_IDENTITY[sdk=iphoneos*]" = "iPhone Developer";
				COPY_PHASE_STRIP = NO;
				DEBUG_INFORMATION_FORMAT = dwarf;
				ENABLE_STRICT_OBJC_MSGSEND = YES;
				ENABLE_TESTABILITY = YES;
				GCC_C_LANGUAGE_STANDARD = gnu99;
				GCC_DYNAMIC_NO_PIC = NO;
				GCC_NO_COMMON_BLOCKS = YES;
				GCC_OPTIMIZATION_LEVEL = 0;
				GCC_PREPROCESSOR_DEFINITIONS = (
					"DEBUG=1",
					"$(inherited)",
				);
				GCC_WARN_64_TO_32_BIT_CONVERSION = YES;
				GCC_WARN_ABOUT_RETURN_TYPE = YES_ERROR;
				GCC_WARN_UNDECLARED_SELECTOR = YES;
				GCC_WARN_UNINITIALIZED_AUTOS = YES_AGGRESSIVE;
				GCC_WARN_UNUSED_FUNCTION = YES;
				GCC_WARN_UNUSED_VARIABLE = YES;
				IPHONEOS_DEPLOYMENT_TARGET = 10.0;
				MTL_ENABLE_DEBUG_INFO = YES;
				ONLY_ACTIVE_ARCH = YES;
				SDKROOT = iphoneos;
			};
			name = Debug;
		};
		CE28250C1DDCFE7E000744A2 /* Release */ = {
			isa = XCBuildConfiguration;
			buildSettings = {
				ALWAYS_SEARCH_USER_PATHS = NO;
				CLANG_ANALYZER_NONNULL = YES;
				CLANG_CXX_LANGUAGE_STANDARD = "gnu++0x";
				CLANG_CXX_LIBRARY = "libc++";
				CLANG_ENABLE_MODULES = YES;
				CLANG_ENABLE_OBJC_ARC = YES;
				CLANG_WARN_BOOL_CONVERSION = YES;
				CLANG_WARN_CONSTANT_CONVERSION = YES;
				CLANG_WARN_DIRECT_OBJC_ISA_USAGE = YES_ERROR;
				CLANG_WARN_DOCUMENTATION_COMMENTS = YES;
				CLANG_WARN_EMPTY_BODY = YES;
				CLANG_WARN_ENUM_CONVERSION = YES;
				CLANG_WARN_INFINITE_RECURSION = YES;
				CLANG_WARN_INT_CONVERSION = YES;
				CLANG_WARN_OBJC_ROOT_CLASS = YES_ERROR;
				CLANG_WARN_SUSPICIOUS_MOVES = YES;
				CLANG_WARN_UNREACHABLE_CODE = YES;
				CLANG_WARN__DUPLICATE_METHOD_MATCH = YES;
				"CODE_SIGN_IDENTITY[sdk=iphoneos*]" = "iPhone Developer";
				COPY_PHASE_STRIP = NO;
				DEBUG_INFORMATION_FORMAT = "dwarf-with-dsym";
				ENABLE_NS_ASSERTIONS = NO;
				ENABLE_STRICT_OBJC_MSGSEND = YES;
				GCC_C_LANGUAGE_STANDARD = gnu99;
				GCC_NO_COMMON_BLOCKS = YES;
				GCC_WARN_64_TO_32_BIT_CONVERSION = YES;
				GCC_WARN_ABOUT_RETURN_TYPE = YES_ERROR;
				GCC_WARN_UNDECLARED_SELECTOR = YES;
				GCC_WARN_UNINITIALIZED_AUTOS = YES_AGGRESSIVE;
				GCC_WARN_UNUSED_FUNCTION = YES;
				GCC_WARN_UNUSED_VARIABLE = YES;
				IPHONEOS_DEPLOYMENT_TARGET = 10.0;
				MTL_ENABLE_DEBUG_INFO = NO;
				SDKROOT = iphoneos;
				VALIDATE_PRODUCT = YES;
			};
			name = Release;
		};
		CE28250E1DDCFE7E000744A2 /* Debug */ = {
			isa = XCBuildConfiguration;
			buildSettings = {
				ASSETCATALOG_COMPILER_APPICON_NAME = AppIcon;
				DEVELOPMENT_TEAM = YKK97PE39U;
				INFOPLIST_FILE = "iOS Programming 16 Nov - App Activity/Info.plist";
				LD_RUNPATH_SEARCH_PATHS = "$(inherited) @executable_path/Frameworks";
				PRODUCT_BUNDLE_IDENTIFIER = "com.jeremymuhia.iOS-Programming-16-Nov---App-Activity";
				PRODUCT_NAME = "$(TARGET_NAME)";
			};
			name = Debug;
		};
		CE28250F1DDCFE7E000744A2 /* Release */ = {
			isa = XCBuildConfiguration;
			buildSettings = {
				ASSETCATALOG_COMPILER_APPICON_NAME = AppIcon;
				DEVELOPMENT_TEAM = YKK97PE39U;
				INFOPLIST_FILE = "iOS Programming 16 Nov - App Activity/Info.plist";
				LD_RUNPATH_SEARCH_PATHS = "$(inherited) @executable_path/Frameworks";
				PRODUCT_BUNDLE_IDENTIFIER = "com.jeremymuhia.iOS-Programming-16-Nov---App-Activity";
				PRODUCT_NAME = "$(TARGET_NAME)";
			};
			name = Release;
		};
		CE2825111DDCFE7E000744A2 /* Debug */ = {
			isa = XCBuildConfiguration;
			buildSettings = {
				BUNDLE_LOADER = "$(TEST_HOST)";
				DEVELOPMENT_TEAM = YKK97PE39U;
				INFOPLIST_FILE = "iOS Programming 16 Nov - App ActivityTests/Info.plist";
				LD_RUNPATH_SEARCH_PATHS = "$(inherited) @executable_path/Frameworks @loader_path/Frameworks";
				PRODUCT_BUNDLE_IDENTIFIER = "com.jeremymuhia.iOS-Programming-16-Nov---App-ActivityTests";
				PRODUCT_NAME = "$(TARGET_NAME)";
				TEST_HOST = "$(BUILT_PRODUCTS_DIR)/iOS Programming 16 Nov - App Activity.app/iOS Programming 16 Nov - App Activity";
			};
			name = Debug;
		};
		CE2825121DDCFE7E000744A2 /* Release */ = {
			isa = XCBuildConfiguration;
			buildSettings = {
				BUNDLE_LOADER = "$(TEST_HOST)";
				DEVELOPMENT_TEAM = YKK97PE39U;
				INFOPLIST_FILE = "iOS Programming 16 Nov - App ActivityTests/Info.plist";
				LD_RUNPATH_SEARCH_PATHS = "$(inherited) @executable_path/Frameworks @loader_path/Frameworks";
				PRODUCT_BUNDLE_IDENTIFIER = "com.jeremymuhia.iOS-Programming-16-Nov---App-ActivityTests";
				PRODUCT_NAME = "$(TARGET_NAME)";
				TEST_HOST = "$(BUILT_PRODUCTS_DIR)/iOS Programming 16 Nov - App Activity.app/iOS Programming 16 Nov - App Activity";
			};
			name = Release;
		};
		CE2825141DDCFE7E000744A2 /* Debug */ = {
			isa = XCBuildConfiguration;
			buildSettings = {
				DEVELOPMENT_TEAM = YKK97PE39U;
				INFOPLIST_FILE = "iOS Programming 16 Nov - App ActivityUITests/Info.plist";
				LD_RUNPATH_SEARCH_PATHS = "$(inherited) @executable_path/Frameworks @loader_path/Frameworks";
				PRODUCT_BUNDLE_IDENTIFIER = "com.jeremymuhia.iOS-Programming-16-Nov---App-ActivityUITests";
				PRODUCT_NAME = "$(TARGET_NAME)";
				TEST_TARGET_NAME = "iOS Programming 16 Nov - App Activity";
			};
			name = Debug;
		};
		CE2825151DDCFE7E000744A2 /* Release */ = {
			isa = XCBuildConfiguration;
			buildSettings = {
				DEVELOPMENT_TEAM = YKK97PE39U;
				INFOPLIST_FILE = "iOS Programming 16 Nov - App ActivityUITests/Info.plist";
				LD_RUNPATH_SEARCH_PATHS = "$(inherited) @executable_path/Frameworks @loader_path/Frameworks";
				PRODUCT_BUNDLE_IDENTIFIER = "com.jeremymuhia.iOS-Programming-16-Nov---App-ActivityUITests";
				PRODUCT_NAME = "$(TARGET_NAME)";
				TEST_TARGET_NAME = "iOS Programming 16 Nov - App Activity";
			};
			name = Release;
		};
/* End XCBuildConfiguration section */

/* Begin XCConfigurationList section */
		CE2824DB1DDCFE7E000744A2 /* Build configuration list for PBXProject "iOS Programming 16 Nov - App Activity" */ = {
			isa = XCConfigurationList;
			buildConfigurations = (
				CE28250B1DDCFE7E000744A2 /* Debug */,
				CE28250C1DDCFE7E000744A2 /* Release */,
			);
			defaultConfigurationIsVisible = 0;
			defaultConfigurationName = Release;
		};
		CE28250D1DDCFE7E000744A2 /* Build configuration list for PBXNativeTarget "iOS Programming 16 Nov - App Activity" */ = {
			isa = XCConfigurationList;
			buildConfigurations = (
				CE28250E1DDCFE7E000744A2 /* Debug */,
				CE28250F1DDCFE7E000744A2 /* Release */,
			);
			defaultConfigurationIsVisible = 0;
			defaultConfigurationName = Release;
		};
		CE2825101DDCFE7E000744A2 /* Build configuration list for PBXNativeTarget "iOS Programming 16 Nov - App ActivityTests" */ = {
			isa = XCConfigurationList;
			buildConfigurations = (
				CE2825111DDCFE7E000744A2 /* Debug */,
				CE2825121DDCFE7E000744A2 /* Release */,
			);
			defaultConfigurationIsVisible = 0;
			defaultConfigurationName = Release;
		};
		CE2825131DDCFE7E000744A2 /* Build configuration list for PBXNativeTarget "iOS Programming 16 Nov - App ActivityUITests" */ = {
			isa = XCConfigurationList;
			buildConfigurations = (
				CE2825141DDCFE7E000744A2 /* Debug */,
				CE2825151DDCFE7E000744A2 /* Release */,
			);
			defaultConfigurationIsVisible = 0;
			defaultConfigurationName = Release;
		};
/* End XCConfigurationList section */
	};
	rootObject = CE2824D81DDCFE7E000744A2 /* Project object */;
}
